// !$*UTF8*$!
{
	archiveVersion = 1;
	classes = {
	};
	objectVersion = 55;
	objects = {

/* Begin PBXBuildFile section */
		7AA2D7312881016B001B791E /* Stopwatch_UITests.swift in Sources */ = {isa = PBXBuildFile; fileRef = 7AA2D7302881016B001B791E /* Stopwatch_UITests.swift */; };
		7AB3AB6B2880A91E00DFC787 /* StopWatchApp.swift in Sources */ = {isa = PBXBuildFile; fileRef = 7AB3AB6A2880A91E00DFC787 /* StopWatchApp.swift */; };
		7AB3AB6D2880A91E00DFC787 /* MainView.swift in Sources */ = {isa = PBXBuildFile; fileRef = 7AB3AB6C2880A91E00DFC787 /* MainView.swift */; };
		7AB3AB6F2880A91F00DFC787 /* Assets.xcassets in Resources */ = {isa = PBXBuildFile; fileRef = 7AB3AB6E2880A91F00DFC787 /* Assets.xcassets */; };
		7AB3AB722880A91F00DFC787 /* Preview Assets.xcassets in Resources */ = {isa = PBXBuildFile; fileRef = 7AB3AB712880A91F00DFC787 /* Preview Assets.xcassets */; };
		7AB3AB7C2880A91F00DFC787 /* StopWatchTests.swift in Sources */ = {isa = PBXBuildFile; fileRef = 7AB3AB7B2880A91F00DFC787 /* StopWatchTests.swift */; };
		7AB3AB862880A91F00DFC787 /* StopWatchUITests.swift in Sources */ = {isa = PBXBuildFile; fileRef = 7AB3AB852880A91F00DFC787 /* StopWatchUITests.swift */; };
		7AB3AB882880A91F00DFC787 /* StopWatchUITestsLaunchTests.swift in Sources */ = {isa = PBXBuildFile; fileRef = 7AB3AB872880A91F00DFC787 /* StopWatchUITestsLaunchTests.swift */; };
		7AB3AB952880A97A00DFC787 /* MainViewModel.swift in Sources */ = {isa = PBXBuildFile; fileRef = 7AB3AB942880A97A00DFC787 /* MainViewModel.swift */; };
/* End PBXBuildFile section */

/* Begin PBXContainerItemProxy section */
		7AB3AB782880A91F00DFC787 /* PBXContainerItemProxy */ = {
			isa = PBXContainerItemProxy;
			containerPortal = 7AB3AB5F2880A91E00DFC787 /* Project object */;
			proxyType = 1;
			remoteGlobalIDString = 7AB3AB662880A91E00DFC787;
			remoteInfo = StopWatch;
		};
		7AB3AB822880A91F00DFC787 /* PBXContainerItemProxy */ = {
			isa = PBXContainerItemProxy;
			containerPortal = 7AB3AB5F2880A91E00DFC787 /* Project object */;
			proxyType = 1;
			remoteGlobalIDString = 7AB3AB662880A91E00DFC787;
			remoteInfo = StopWatch;
		};
/* End PBXContainerItemProxy section */

/* Begin PBXFileReference section */
		7AA2D7302881016B001B791E /* Stopwatch_UITests.swift */ = {isa = PBXFileReference; lastKnownFileType = sourcecode.swift; path = Stopwatch_UITests.swift; sourceTree = "<group>"; };
		7AB3AB672880A91E00DFC787 /* StopWatch.app */ = {isa = PBXFileReference; explicitFileType = wrapper.application; includeInIndex = 0; path = StopWatch.app; sourceTree = BUILT_PRODUCTS_DIR; };
		7AB3AB6A2880A91E00DFC787 /* StopWatchApp.swift */ = {isa = PBXFileReference; lastKnownFileType = sourcecode.swift; path = StopWatchApp.swift; sourceTree = "<group>"; };
		7AB3AB6C2880A91E00DFC787 /* MainView.swift */ = {isa = PBXFileReference; lastKnownFileType = sourcecode.swift; path = MainView.swift; sourceTree = "<group>"; };
		7AB3AB6E2880A91F00DFC787 /* Assets.xcassets */ = {isa = PBXFileReference; lastKnownFileType = folder.assetcatalog; path = Assets.xcassets; sourceTree = "<group>"; };
		7AB3AB712880A91F00DFC787 /* Preview Assets.xcassets */ = {isa = PBXFileReference; lastKnownFileType = folder.assetcatalog; path = "Preview Assets.xcassets"; sourceTree = "<group>"; };
		7AB3AB772880A91F00DFC787 /* StopWatchTests.xctest */ = {isa = PBXFileReference; explicitFileType = wrapper.cfbundle; includeInIndex = 0; path = StopWatchTests.xctest; sourceTree = BUILT_PRODUCTS_DIR; };
		7AB3AB7B2880A91F00DFC787 /* StopWatchTests.swift */ = {isa = PBXFileReference; lastKnownFileType = sourcecode.swift; path = StopWatchTests.swift; sourceTree = "<group>"; };
		7AB3AB812880A91F00DFC787 /* StopWatchUITests.xctest */ = {isa = PBXFileReference; explicitFileType = wrapper.cfbundle; includeInIndex = 0; path = StopWatchUITests.xctest; sourceTree = BUILT_PRODUCTS_DIR; };
		7AB3AB852880A91F00DFC787 /* StopWatchUITests.swift */ = {isa = PBXFileReference; lastKnownFileType = sourcecode.swift; path = StopWatchUITests.swift; sourceTree = "<group>"; };
		7AB3AB872880A91F00DFC787 /* StopWatchUITestsLaunchTests.swift */ = {isa = PBXFileReference; lastKnownFileType = sourcecode.swift; path = StopWatchUITestsLaunchTests.swift; sourceTree = "<group>"; };
		7AB3AB942880A97A00DFC787 /* MainViewModel.swift */ = {isa = PBXFileReference; lastKnownFileType = sourcecode.swift; path = MainViewModel.swift; sourceTree = "<group>"; };
/* End PBXFileReference section */

/* Begin PBXFrameworksBuildPhase section */
		7AB3AB642880A91E00DFC787 /* Frameworks */ = {
			isa = PBXFrameworksBuildPhase;
			buildActionMask = 2147483647;
			files = (
			);
			runOnlyForDeploymentPostprocessing = 0;
		};
		7AB3AB742880A91F00DFC787 /* Frameworks */ = {
			isa = PBXFrameworksBuildPhase;
			buildActionMask = 2147483647;
			files = (
			);
			runOnlyForDeploymentPostprocessing = 0;
		};
		7AB3AB7E2880A91F00DFC787 /* Frameworks */ = {
			isa = PBXFrameworksBuildPhase;
			buildActionMask = 2147483647;
			files = (
			);
			runOnlyForDeploymentPostprocessing = 0;
		};
/* End PBXFrameworksBuildPhase section */

/* Begin PBXGroup section */
		7AB3AB5E2880A91E00DFC787 = {
			isa = PBXGroup;
			children = (
				7AB3AB692880A91E00DFC787 /* StopWatch */,
				7AB3AB7A2880A91F00DFC787 /* StopWatchTests */,
				7AB3AB842880A91F00DFC787 /* StopWatchUITests */,
				7AB3AB682880A91E00DFC787 /* Products */,
			);
			sourceTree = "<group>";
		};
		7AB3AB682880A91E00DFC787 /* Products */ = {
			isa = PBXGroup;
			children = (
				7AB3AB672880A91E00DFC787 /* StopWatch.app */,
				7AB3AB772880A91F00DFC787 /* StopWatchTests.xctest */,
				7AB3AB812880A91F00DFC787 /* StopWatchUITests.xctest */,
			);
			name = Products;
			sourceTree = "<group>";
		};
		7AB3AB692880A91E00DFC787 /* StopWatch */ = {
			isa = PBXGroup;
			children = (
				7AB3AB6A2880A91E00DFC787 /* StopWatchApp.swift */,
				7AB3AB6C2880A91E00DFC787 /* MainView.swift */,
				7AB3AB942880A97A00DFC787 /* MainViewModel.swift */,
				7AB3AB6E2880A91F00DFC787 /* Assets.xcassets */,
				7AB3AB702880A91F00DFC787 /* Preview Content */,
			);
			path = StopWatch;
			sourceTree = "<group>";
		};
		7AB3AB702880A91F00DFC787 /* Preview Content */ = {
			isa = PBXGroup;
			children = (
				7AB3AB712880A91F00DFC787 /* Preview Assets.xcassets */,
			);
			path = "Preview Content";
			sourceTree = "<group>";
		};
		7AB3AB7A2880A91F00DFC787 /* StopWatchTests */ = {
			isa = PBXGroup;
			children = (
				7AB3AB7B2880A91F00DFC787 /* StopWatchTests.swift */,
			);
			path = StopWatchTests;
			sourceTree = "<group>";
		};
		7AB3AB842880A91F00DFC787 /* StopWatchUITests */ = {
			isa = PBXGroup;
			children = (
				7AB3AB852880A91F00DFC787 /* StopWatchUITests.swift */,
				7AB3AB872880A91F00DFC787 /* StopWatchUITestsLaunchTests.swift */,
				7AA2D7302881016B001B791E /* Stopwatch_UITests.swift */,
			);
			path = StopWatchUITests;
			sourceTree = "<group>";
		};
/* End PBXGroup section */

/* Begin PBXNativeTarget section */
		7AB3AB662880A91E00DFC787 /* StopWatch */ = {
			isa = PBXNativeTarget;
			buildConfigurationList = 7AB3AB8B2880A91F00DFC787 /* Build configuration list for PBXNativeTarget "StopWatch" */;
			buildPhases = (
				7AB3AB632880A91E00DFC787 /* Sources */,
				7AB3AB642880A91E00DFC787 /* Frameworks */,
				7AB3AB652880A91E00DFC787 /* Resources */,
			);
			buildRules = (
			);
			dependencies = (
			);
			name = StopWatch;
			productName = StopWatch;
			productReference = 7AB3AB672880A91E00DFC787 /* StopWatch.app */;
			productType = "com.apple.product-type.application";
		};
		7AB3AB762880A91F00DFC787 /* StopWatchTests */ = {
			isa = PBXNativeTarget;
			buildConfigurationList = 7AB3AB8E2880A91F00DFC787 /* Build configuration list for PBXNativeTarget "StopWatchTests" */;
			buildPhases = (
				7AB3AB732880A91F00DFC787 /* Sources */,
				7AB3AB742880A91F00DFC787 /* Frameworks */,
				7AB3AB752880A91F00DFC787 /* Resources */,
			);
			buildRules = (
			);
			dependencies = (
				7AB3AB792880A91F00DFC787 /* PBXTargetDependency */,
			);
			name = StopWatchTests;
			productName = StopWatchTests;
			productReference = 7AB3AB772880A91F00DFC787 /* StopWatchTests.xctest */;
			productType = "com.apple.product-type.bundle.unit-test";
		};
		7AB3AB802880A91F00DFC787 /* StopWatchUITests */ = {
			isa = PBXNativeTarget;
			buildConfigurationList = 7AB3AB912880A91F00DFC787 /* Build configuration list for PBXNativeTarget "StopWatchUITests" */;
			buildPhases = (
				7AB3AB7D2880A91F00DFC787 /* Sources */,
				7AB3AB7E2880A91F00DFC787 /* Frameworks */,
				7AB3AB7F2880A91F00DFC787 /* Resources */,
			);
			buildRules = (
			);
			dependencies = (
				7AB3AB832880A91F00DFC787 /* PBXTargetDependency */,
			);
			name = StopWatchUITests;
			productName = StopWatchUITests;
			productReference = 7AB3AB812880A91F00DFC787 /* StopWatchUITests.xctest */;
			productType = "com.apple.product-type.bundle.ui-testing";
		};
/* End PBXNativeTarget section */

/* Begin PBXProject section */
		7AB3AB5F2880A91E00DFC787 /* Project object */ = {
			isa = PBXProject;
			attributes = {
				BuildIndependentTargetsInParallel = 1;
				LastSwiftUpdateCheck = 1330;
				LastUpgradeCheck = 1330;
				TargetAttributes = {
					7AB3AB662880A91E00DFC787 = {
						CreatedOnToolsVersion = 13.3.1;
					};
					7AB3AB762880A91F00DFC787 = {
						CreatedOnToolsVersion = 13.3.1;
						TestTargetID = 7AB3AB662880A91E00DFC787;
					};
					7AB3AB802880A91F00DFC787 = {
						CreatedOnToolsVersion = 13.3.1;
						TestTargetID = 7AB3AB662880A91E00DFC787;
					};
				};
			};
			buildConfigurationList = 7AB3AB622880A91E00DFC787 /* Build configuration list for PBXProject "StopWatch" */;
			compatibilityVersion = "Xcode 13.0";
			developmentRegion = en;
			hasScannedForEncodings = 0;
			knownRegions = (
				en,
				Base,
			);
			mainGroup = 7AB3AB5E2880A91E00DFC787;
			productRefGroup = 7AB3AB682880A91E00DFC787 /* Products */;
			projectDirPath = "";
			projectRoot = "";
			targets = (
				7AB3AB662880A91E00DFC787 /* StopWatch */,
				7AB3AB762880A91F00DFC787 /* StopWatchTests */,
				7AB3AB802880A91F00DFC787 /* StopWatchUITests */,
			);
		};
/* End PBXProject section */

/* Begin PBXResourcesBuildPhase section */
		7AB3AB652880A91E00DFC787 /* Resources */ = {
			isa = PBXResourcesBuildPhase;
			buildActionMask = 2147483647;
			files = (
				7AB3AB722880A91F00DFC787 /* Preview Assets.xcassets in Resources */,
				7AB3AB6F2880A91F00DFC787 /* Assets.xcassets in Resources */,
			);
			runOnlyForDeploymentPostprocessing = 0;
		};
		7AB3AB752880A91F00DFC787 /* Resources */ = {
			isa = PBXResourcesBuildPhase;
			buildActionMask = 2147483647;
			files = (
			);
			runOnlyForDeploymentPostprocessing = 0;
		};
		7AB3AB7F2880A91F00DFC787 /* Resources */ = {
			isa = PBXResourcesBuildPhase;
			buildActionMask = 2147483647;
			files = (
			);
			runOnlyForDeploymentPostprocessing = 0;
		};
/* End PBXResourcesBuildPhase section */

/* Begin PBXSourcesBuildPhase section */
		7AB3AB632880A91E00DFC787 /* Sources */ = {
			isa = PBXSourcesBuildPhase;
			buildActionMask = 2147483647;
			files = (
				7AB3AB6D2880A91E00DFC787 /* MainView.swift in Sources */,
				7AB3AB6B2880A91E00DFC787 /* StopWatchApp.swift in Sources */,
				7AB3AB952880A97A00DFC787 /* MainViewModel.swift in Sources */,
			);
			runOnlyForDeploymentPostprocessing = 0;
		};
		7AB3AB732880A91F00DFC787 /* Sources */ = {
			isa = PBXSourcesBuildPhase;
			buildActionMask = 2147483647;
			files = (
				7AB3AB7C2880A91F00DFC787 /* StopWatchTests.swift in Sources */,
			);
			runOnlyForDeploymentPostprocessing = 0;
		};
		7AB3AB7D2880A91F00DFC787 /* Sources */ = {
			isa = PBXSourcesBuildPhase;
			buildActionMask = 2147483647;
			files = (
				7AB3AB882880A91F00DFC787 /* StopWatchUITestsLaunchTests.swift in Sources */,
				7AB3AB862880A91F00DFC787 /* StopWatchUITests.swift in Sources */,
				7AA2D7312881016B001B791E /* Stopwatch_UITests.swift in Sources */,
			);
			runOnlyForDeploymentPostprocessing = 0;
		};
/* End PBXSourcesBuildPhase section */

/* Begin PBXTargetDependency section */
		7AB3AB792880A91F00DFC787 /* PBXTargetDependency */ = {
			isa = PBXTargetDependency;
			target = 7AB3AB662880A91E00DFC787 /* StopWatch */;
			targetProxy = 7AB3AB782880A91F00DFC787 /* PBXContainerItemProxy */;
		};
		7AB3AB832880A91F00DFC787 /* PBXTargetDependency */ = {
			isa = PBXTargetDependency;
			target = 7AB3AB662880A91E00DFC787 /* StopWatch */;
			targetProxy = 7AB3AB822880A91F00DFC787 /* PBXContainerItemProxy */;
		};
/* End PBXTargetDependency section */

/* Begin XCBuildConfiguration section */
		7AB3AB892880A91F00DFC787 /* Debug */ = {
			isa = XCBuildConfiguration;
			buildSettings = {
				ALWAYS_SEARCH_USER_PATHS = NO;
				CLANG_ANALYZER_NONNULL = YES;
				CLANG_ANALYZER_NUMBER_OBJECT_CONVERSION = YES_AGGRESSIVE;
				CLANG_CXX_LANGUAGE_STANDARD = "gnu++17";
				CLANG_ENABLE_MODULES = YES;
				CLANG_ENABLE_OBJC_ARC = YES;
				CLANG_ENABLE_OBJC_WEAK = YES;
				CLANG_WARN_BLOCK_CAPTURE_AUTORELEASING = YES;
				CLANG_WARN_BOOL_CONVERSION = YES;
				CLANG_WARN_COMMA = YES;
				CLANG_WARN_CONSTANT_CONVERSION = YES;
				CLANG_WARN_DEPRECATED_OBJC_IMPLEMENTATIONS = YES;
				CLANG_WARN_DIRECT_OBJC_ISA_USAGE = YES_ERROR;
				CLANG_WARN_DOCUMENTATION_COMMENTS = YES;
				CLANG_WARN_EMPTY_BODY = YES;
				CLANG_WARN_ENUM_CONVERSION = YES;
				CLANG_WARN_INFINITE_RECURSION = YES;
				CLANG_WARN_INT_CONVERSION = YES;
				CLANG_WARN_NON_LITERAL_NULL_CONVERSION = YES;
				CLANG_WARN_OBJC_IMPLICIT_RETAIN_SELF = YES;
				CLANG_WARN_OBJC_LITERAL_CONVERSION = YES;
				CLANG_WARN_OBJC_ROOT_CLASS = YES_ERROR;
				CLANG_WARN_QUOTED_INCLUDE_IN_FRAMEWORK_HEADER = YES;
				CLANG_WARN_RANGE_LOOP_ANALYSIS = YES;
				CLANG_WARN_STRICT_PROTOTYPES = YES;
				CLANG_WARN_SUSPICIOUS_MOVE = YES;
				CLANG_WARN_UNGUARDED_AVAILABILITY = YES_AGGRESSIVE;
				CLANG_WARN_UNREACHABLE_CODE = YES;
				CLANG_WARN__DUPLICATE_METHOD_MATCH = YES;
				COPY_PHASE_STRIP = NO;
				DEBUG_INFORMATION_FORMAT = dwarf;
				ENABLE_STRICT_OBJC_MSGSEND = YES;
				ENABLE_TESTABILITY = YES;
				GCC_C_LANGUAGE_STANDARD = gnu11;
				GCC_DYNAMIC_NO_PIC = NO;
				GCC_NO_COMMON_BLOCKS = YES;
				GCC_OPTIMIZATION_LEVEL = 0;
				GCC_PREPROCESSOR_DEFINITIONS = (
					"DEBUG=1",
					"$(inherited)",
				);
				GCC_WARN_64_TO_32_BIT_CONVERSION = YES;
				GCC_WARN_ABOUT_RETURN_TYPE = YES_ERROR;
				GCC_WARN_UNDECLARED_SELECTOR = YES;
				GCC_WARN_UNINITIALIZED_AUTOS = YES_AGGRESSIVE;
				GCC_WARN_UNUSED_FUNCTION = YES;
				GCC_WARN_UNUSED_VARIABLE = YES;
				IPHONEOS_DEPLOYMENT_TARGET = 15.4;
				MTL_ENABLE_DEBUG_INFO = INCLUDE_SOURCE;
				MTL_FAST_MATH = YES;
				ONLY_ACTIVE_ARCH = YES;
				SDKROOT = iphoneos;
				SWIFT_ACTIVE_COMPILATION_CONDITIONS = DEBUG;
				SWIFT_OPTIMIZATION_LEVEL = "-Onone";
			};
			name = Debug;
		};
		7AB3AB8A2880A91F00DFC787 /* Release */ = {
			isa = XCBuildConfiguration;
			buildSettings = {
				ALWAYS_SEARCH_USER_PATHS = NO;
				CLANG_ANALYZER_NONNULL = YES;
				CLANG_ANALYZER_NUMBER_OBJECT_CONVERSION = YES_AGGRESSIVE;
				CLANG_CXX_LANGUAGE_STANDARD = "gnu++17";
				CLANG_ENABLE_MODULES = YES;
				CLANG_ENABLE_OBJC_ARC = YES;
				CLANG_ENABLE_OBJC_WEAK = YES;
				CLANG_WARN_BLOCK_CAPTURE_AUTORELEASING = YES;
				CLANG_WARN_BOOL_CONVERSION = YES;
				CLANG_WARN_COMMA = YES;
				CLANG_WARN_CONSTANT_CONVERSION = YES;
				CLANG_WARN_DEPRECATED_OBJC_IMPLEMENTATIONS = YES;
				CLANG_WARN_DIRECT_OBJC_ISA_USAGE = YES_ERROR;
				CLANG_WARN_DOCUMENTATION_COMMENTS = YES;
				CLANG_WARN_EMPTY_BODY = YES;
				CLANG_WARN_ENUM_CONVERSION = YES;
				CLANG_WARN_INFINITE_RECURSION = YES;
				CLANG_WARN_INT_CONVERSION = YES;
				CLANG_WARN_NON_LITERAL_NULL_CONVERSION = YES;
				CLANG_WARN_OBJC_IMPLICIT_RETAIN_SELF = YES;
				CLANG_WARN_OBJC_LITERAL_CONVERSION = YES;
				CLANG_WARN_OBJC_ROOT_CLASS = YES_ERROR;
				CLANG_WARN_QUOTED_INCLUDE_IN_FRAMEWORK_HEADER = YES;
				CLANG_WARN_RANGE_LOOP_ANALYSIS = YES;
				CLANG_WARN_STRICT_PROTOTYPES = YES;
				CLANG_WARN_SUSPICIOUS_MOVE = YES;
				CLANG_WARN_UNGUARDED_AVAILABILITY = YES_AGGRESSIVE;
				CLANG_WARN_UNREACHABLE_CODE = YES;
				CLANG_WARN__DUPLICATE_METHOD_MATCH = YES;
				COPY_PHASE_STRIP = NO;
				DEBUG_INFORMATION_FORMAT = "dwarf-with-dsym";
				ENABLE_NS_ASSERTIONS = NO;
				ENABLE_STRICT_OBJC_MSGSEND = YES;
				GCC_C_LANGUAGE_STANDARD = gnu11;
				GCC_NO_COMMON_BLOCKS = YES;
				GCC_WARN_64_TO_32_BIT_CONVERSION = YES;
				GCC_WARN_ABOUT_RETURN_TYPE = YES_ERROR;
				GCC_WARN_UNDECLARED_SELECTOR = YES;
				GCC_WARN_UNINITIALIZED_AUTOS = YES_AGGRESSIVE;
				GCC_WARN_UNUSED_FUNCTION = YES;
				GCC_WARN_UNUSED_VARIABLE = YES;
				IPHONEOS_DEPLOYMENT_TARGET = 15.4;
				MTL_ENABLE_DEBUG_INFO = NO;
				MTL_FAST_MATH = YES;
				SDKROOT = iphoneos;
				SWIFT_COMPILATION_MODE = wholemodule;
				SWIFT_OPTIMIZATION_LEVEL = "-O";
				VALIDATE_PRODUCT = YES;
			};
			name = Release;
		};
		7AB3AB8C2880A91F00DFC787 /* Debug */ = {
			isa = XCBuildConfiguration;
			buildSettings = {
				ASSETCATALOG_COMPILER_APPICON_NAME = AppIcon;
				ASSETCATALOG_COMPILER_GLOBAL_ACCENT_COLOR_NAME = AccentColor;
				ASSETCATALOG_COMPILER_INCLUDE_ALL_APPICON_ASSETS = NO;
				CODE_SIGN_STYLE = Automatic;
				CURRENT_PROJECT_VERSION = 1;
				DEVELOPMENT_ASSET_PATHS = "\"StopWatch/Preview Content\"";
				DEVELOPMENT_TEAM = J5T6Z5N38H;
				ENABLE_PREVIEWS = YES;
				GENERATE_INFOPLIST_FILE = YES;
				INFOPLIST_KEY_UIApplicationSceneManifest_Generation = YES;
				INFOPLIST_KEY_UIApplicationSupportsIndirectInputEvents = YES;
				INFOPLIST_KEY_UILaunchScreen_Generation = YES;
				INFOPLIST_KEY_UILaunchStoryboardName = LaunchImage;
				INFOPLIST_KEY_UISupportedInterfaceOrientations = "";
				INFOPLIST_KEY_UISupportedInterfaceOrientations_iPad = "UIInterfaceOrientationPortrait UIInterfaceOrientationPortraitUpsideDown UIInterfaceOrientationLandscapeLeft UIInterfaceOrientationLandscapeRight";
				INFOPLIST_KEY_UISupportedInterfaceOrientations_iPhone = "UIInterfaceOrientationPortrait UIInterfaceOrientationLandscapeLeft UIInterfaceOrientationLandscapeRight";
				LD_RUNPATH_SEARCH_PATHS = (
					"$(inherited)",
					"@executable_path/Frameworks",
				);
				MARKETING_VERSION = 1.0;
				PRODUCT_BUNDLE_IDENTIFIER = com.PixleyConsulting.StopWatch;
				PRODUCT_NAME = "$(TARGET_NAME)";
				SWIFT_EMIT_LOC_STRINGS = YES;
				SWIFT_VERSION = 5.0;
				TARGETED_DEVICE_FAMILY = "1,2";
			};
			name = Debug;
		};
		7AB3AB8D2880A91F00DFC787 /* Release */ = {
			isa = XCBuildConfiguration;
			buildSettings = {
				ASSETCATALOG_COMPILER_APPICON_NAME = AppIcon;
				ASSETCATALOG_COMPILER_GLOBAL_ACCENT_COLOR_NAME = AccentColor;
				ASSETCATALOG_COMPILER_INCLUDE_ALL_APPICON_ASSETS = NO;
				CODE_SIGN_STYLE = Automatic;
				CURRENT_PROJECT_VERSION = 1;
				DEVELOPMENT_ASSET_PATHS = "\"StopWatch/Preview Content\"";
				DEVELOPMENT_TEAM = J5T6Z5N38H;
				ENABLE_PREVIEWS = YES;
				GENERATE_INFOPLIST_FILE = YES;
				INFOPLIST_KEY_UIApplicationSceneManifest_Generation = YES;
				INFOPLIST_KEY_UIApplicationSupportsIndirectInputEvents = YES;
				INFOPLIST_KEY_UILaunchScreen_Generation = YES;
				INFOPLIST_KEY_UILaunchStoryboardName = LaunchImage;
				INFOPLIST_KEY_UISupportedInterfaceOrientations = "";
				INFOPLIST_KEY_UISupportedInterfaceOrientations_iPad = "UIInterfaceOrientationPortrait UIInterfaceOrientationPortraitUpsideDown UIInterfaceOrientationLandscapeLeft UIInterfaceOrientationLandscapeRight";
				INFOPLIST_KEY_UISupportedInterfaceOrientations_iPhone = "UIInterfaceOrientationPortrait UIInterfaceOrientationLandscapeLeft UIInterfaceOrientationLandscapeRight";
				LD_RUNPATH_SEARCH_PATHS = (
					"$(inherited)",
					"@executable_path/Frameworks",
				);
				MARKETING_VERSION = 1.0;
				PRODUCT_BUNDLE_IDENTIFIER = com.PixleyConsulting.StopWatch;
				PRODUCT_NAME = "$(TARGET_NAME)";
				SWIFT_EMIT_LOC_STRINGS = YES;
				SWIFT_VERSION = 5.0;
				TARGETED_DEVICE_FAMILY = "1,2";
			};
			name = Release;
		};
		7AB3AB8F2880A91F00DFC787 /* Debug */ = {
			isa = XCBuildConfiguration;
			buildSettings = {
				ALWAYS_EMBED_SWIFT_STANDARD_LIBRARIES = YES;
				BUNDLE_LOADER = "$(TEST_HOST)";
				CODE_SIGN_STYLE = Automatic;
				CURRENT_PROJECT_VERSION = 1;
				DEVELOPMENT_TEAM = J5T6Z5N38H;
				GENERATE_INFOPLIST_FILE = YES;
				IPHONEOS_DEPLOYMENT_TARGET = 15.4;
				MARKETING_VERSION = 1.0;
				PRODUCT_BUNDLE_IDENTIFIER = com.PixleyConsulting.StopWatchTests;
				PRODUCT_NAME = "$(TARGET_NAME)";
				SWIFT_EMIT_LOC_STRINGS = NO;
				SWIFT_VERSION = 5.0;
				TARGETED_DEVICE_FAMILY = "1,2";
				TEST_HOST = "$(BUILT_PRODUCTS_DIR)/StopWatch.app/StopWatch";
			};
			name = Debug;
		};
		7AB3AB902880A91F00DFC787 /* Release */ = {
			isa = XCBuildConfiguration;
			buildSettings = {
				ALWAYS_EMBED_SWIFT_STANDARD_LIBRARIES = YES;
				BUNDLE_LOADER = "$(TEST_HOST)";
				CODE_SIGN_STYLE = Automatic;
				CURRENT_PROJECT_VERSION = 1;
				DEVELOPMENT_TEAM = J5T6Z5N38H;
				GENERATE_INFOPLIST_FILE = YES;
				IPHONEOS_DEPLOYMENT_TARGET = 15.4;
				MARKETING_VERSION = 1.0;
				PRODUCT_BUNDLE_IDENTIFIER = com.PixleyConsulting.StopWatchTests;
				PRODUCT_NAME = "$(TARGET_NAME)";
				SWIFT_EMIT_LOC_STRINGS = NO;
				SWIFT_VERSION = 5.0;
				TARGETED_DEVICE_FAMILY = "1,2";
				TEST_HOST = "$(BUILT_PRODUCTS_DIR)/StopWatch.app/StopWatch";
			};
			name = Release;
		};
		7AB3AB922880A91F00DFC787 /* Debug */ = {
			isa = XCBuildConfiguration;
			buildSettings = {
				ALWAYS_EMBED_SWIFT_STANDARD_LIBRARIES = YES;
				CODE_SIGN_STYLE = Automatic;
				CURRENT_PROJECT_VERSION = 1;
				DEVELOPMENT_TEAM = J5T6Z5N38H;
				GENERATE_INFOPLIST_FILE = YES;
				MARKETING_VERSION = 1.0;
				PRODUCT_BUNDLE_IDENTIFIER = com.PixleyConsulting.StopWatchUITests;
				PRODUCT_NAME = "$(TARGET_NAME)";
				SWIFT_EMIT_LOC_STRINGS = NO;
				SWIFT_VERSION = 5.0;
				TARGETED_DEVICE_FAMILY = "1,2";
				TEST_TARGET_NAME = StopWatch;
			};
			name = Debug;
		};
		7AB3AB932880A91F00DFC787 /* Release */ = {
			isa = XCBuildConfiguration;
			buildSettings = {
				ALWAYS_EMBED_SWIFT_STANDARD_LIBRARIES = YES;
				CODE_SIGN_STYLE = Automatic;
				CURRENT_PROJECT_VERSION = 1;
				DEVELOPMENT_TEAM = J5T6Z5N38H;
				GENERATE_INFOPLIST_FILE = YES;
				MARKETING_VERSION = 1.0;
				PRODUCT_BUNDLE_IDENTIFIER = com.PixleyConsulting.StopWatchUITests;
				PRODUCT_NAME = "$(TARGET_NAME)";
				SWIFT_EMIT_LOC_STRINGS = NO;
				SWIFT_VERSION = 5.0;
				TARGETED_DEVICE_FAMILY = "1,2";
				TEST_TARGET_NAME = StopWatch;
			};
			name = Release;
		};
/* End XCBuildConfiguration section */

/* Begin XCConfigurationList section */
		7AB3AB622880A91E00DFC787 /* Build configuration list for PBXProject "StopWatch" */ = {
			isa = XCConfigurationList;
			buildConfigurations = (
				7AB3AB892880A91F00DFC787 /* Debug */,
				7AB3AB8A2880A91F00DFC787 /* Release */,
			);
			defaultConfigurationIsVisible = 0;
			defaultConfigurationName = Release;
		};
		7AB3AB8B2880A91F00DFC787 /* Build configuration list for PBXNativeTarget "StopWatch" */ = {
			isa = XCConfigurationList;
			buildConfigurations = (
				7AB3AB8C2880A91F00DFC787 /* Debug */,
				7AB3AB8D2880A91F00DFC787 /* Release */,
			);
			defaultConfigurationIsVisible = 0;
			defaultConfigurationName = Release;
		};
		7AB3AB8E2880A91F00DFC787 /* Build configuration list for PBXNativeTarget "StopWatchTests" */ = {
			isa = XCConfigurationList;
			buildConfigurations = (
				7AB3AB8F2880A91F00DFC787 /* Debug */,
				7AB3AB902880A91F00DFC787 /* Release */,
			);
			defaultConfigurationIsVisible = 0;
			defaultConfigurationName = Release;
		};
		7AB3AB912880A91F00DFC787 /* Build configuration list for PBXNativeTarget "StopWatchUITests" */ = {
			isa = XCConfigurationList;
			buildConfigurations = (
				7AB3AB922880A91F00DFC787 /* Debug */,
				7AB3AB932880A91F00DFC787 /* Release */,
			);
			defaultConfigurationIsVisible = 0;
			defaultConfigurationName = Release;
		};
/* End XCConfigurationList section */
	};
	rootObject = 7AB3AB5F2880A91E00DFC787 /* Project object */;
}
